// !$*UTF8*$!
{
	archiveVersion = 1;
	classes = {
	};
	objectVersion = 50;
	objects = {

/* Begin PBXBuildFile section */
		0F84AA45268BA44F00DA70C3 /* can_api.c in Sources */ = {isa = PBXBuildFile; fileRef = 0F84AA44268BA44F00DA70C3 /* can_api.c */; };
		0FD97E2425D1BB3C00C8A7C7 /* MacCAN_Debug.c in Sources */ = {isa = PBXBuildFile; fileRef = 0FD97E2025D1BB3C00C8A7C7 /* MacCAN_Debug.c */; };
		0FD97E2525D1BB3C00C8A7C7 /* MacCAN_Devices.c in Sources */ = {isa = PBXBuildFile; fileRef = 0FD97E2125D1BB3C00C8A7C7 /* MacCAN_Devices.c */; };
		0FD97E2725D1BB3C00C8A7C7 /* MacCAN_IOUsbKit.c in Sources */ = {isa = PBXBuildFile; fileRef = 0FD97E2325D1BB3C00C8A7C7 /* MacCAN_IOUsbKit.c */; };
		0FD97E2E25D1BB9E00C8A7C7 /* can_btr.c in Sources */ = {isa = PBXBuildFile; fileRef = 0FD97E2D25D1BB9E00C8A7C7 /* can_btr.c */; };
		0FD97E3425D1C06400C8A7C7 /* KvaserUSB_Device.c in Sources */ = {isa = PBXBuildFile; fileRef = 0FD97E3325D1C06400C8A7C7 /* KvaserUSB_Device.c */; };
		0FD97E3B25D1EA1300C8A7C7 /* MacCAN_MsgQueue.c in Sources */ = {isa = PBXBuildFile; fileRef = 0FD97E3925D1EA1300C8A7C7 /* MacCAN_MsgQueue.c */; };
		0FD97E3C25D1EA1300C8A7C7 /* MacCAN_MsgPipe.c in Sources */ = {isa = PBXBuildFile; fileRef = 0FD97E3A25D1EA1300C8A7C7 /* MacCAN_MsgPipe.c */; };
		0FDA0A7525D2F67700E50E4B /* LeafLight.c in Sources */ = {isa = PBXBuildFile; fileRef = 0FDA0A7325D2F67700E50E4B /* LeafLight.c */; };
		0FDA0A7A25D3200A00E50E4B /* KvaserCAN_Driver.c in Sources */ = {isa = PBXBuildFile; fileRef = 0FDA0A7825D3200A00E50E4B /* KvaserCAN_Driver.c */; };
		0FDA0A7F25D33EF700E50E4B /* KvaserCAN.cpp in Sources */ = {isa = PBXBuildFile; fileRef = 0FDA0A7D25D33EF700E50E4B /* KvaserCAN.cpp */; };
		0FEABC1125E8340400DD9ADB /* LeafPro.c in Sources */ = {isa = PBXBuildFile; fileRef = 0FEABC0F25E8340400DD9ADB /* LeafPro.c */; };
		44999ABB278CDDFF00C466E9 /* Timer.cpp in Sources */ = {isa = PBXBuildFile; fileRef = 44999AB5278CDDFF00C466E9 /* Timer.cpp */; };
		44999ABC278CDDFF00C466E9 /* Tester.cpp in Sources */ = {isa = PBXBuildFile; fileRef = 44999AB6278CDDFF00C466E9 /* Tester.cpp */; };
		44999ABD278CDDFF00C466E9 /* Testing.mm in Sources */ = {isa = PBXBuildFile; fileRef = 44999ABA278CDDFF00C466E9 /* Testing.mm */; };
		44999ABE278CDE0B00C466E9 /* can_api.c in Sources */ = {isa = PBXBuildFile; fileRef = 0F84AA44268BA44F00DA70C3 /* can_api.c */; };
		44999ABF278CDE0E00C466E9 /* can_btr.c in Sources */ = {isa = PBXBuildFile; fileRef = 0FD97E2D25D1BB9E00C8A7C7 /* can_btr.c */; };
		44999AC0278CDE1300C466E9 /* MacCAN_Debug.c in Sources */ = {isa = PBXBuildFile; fileRef = 0FD97E2025D1BB3C00C8A7C7 /* MacCAN_Debug.c */; };
		44999AC1278CDE1700C466E9 /* MacCAN_Devices.c in Sources */ = {isa = PBXBuildFile; fileRef = 0FD97E2125D1BB3C00C8A7C7 /* MacCAN_Devices.c */; };
		44999AC2278CDE1D00C466E9 /* MacCAN_IOUsbKit.c in Sources */ = {isa = PBXBuildFile; fileRef = 0FD97E2325D1BB3C00C8A7C7 /* MacCAN_IOUsbKit.c */; };
		44999AC3278CDE2100C466E9 /* MacCAN_MsgPipe.c in Sources */ = {isa = PBXBuildFile; fileRef = 0FD97E3A25D1EA1300C8A7C7 /* MacCAN_MsgPipe.c */; };
		44999AC4278CDE2500C466E9 /* MacCAN_MsgQueue.c in Sources */ = {isa = PBXBuildFile; fileRef = 0FD97E3925D1EA1300C8A7C7 /* MacCAN_MsgQueue.c */; };
		44999AC5278CDE2900C466E9 /* KvaserUSB_Device.c in Sources */ = {isa = PBXBuildFile; fileRef = 0FD97E3325D1C06400C8A7C7 /* KvaserUSB_Device.c */; };
		44999AC6278CDE2F00C466E9 /* LeafLight.c in Sources */ = {isa = PBXBuildFile; fileRef = 0FDA0A7325D2F67700E50E4B /* LeafLight.c */; };
		44999AC7278CDE3300C466E9 /* LeafPro.c in Sources */ = {isa = PBXBuildFile; fileRef = 0FEABC0F25E8340400DD9ADB /* LeafPro.c */; };
		44999AC8278CDE3900C466E9 /* KvaserCAN_Driver.c in Sources */ = {isa = PBXBuildFile; fileRef = 0FDA0A7825D3200A00E50E4B /* KvaserCAN_Driver.c */; };
		44999AC9278CDE3E00C466E9 /* KvaserCAN.cpp in Sources */ = {isa = PBXBuildFile; fileRef = 0FDA0A7D25D33EF700E50E4B /* KvaserCAN.cpp */; };
		44999AD9278CDEB400C466E9 /* test_can_start.mm in Sources */ = {isa = PBXBuildFile; fileRef = 44999ACA278CDEB400C466E9 /* test_can_start.mm */; };
		44999ADA278CDEB400C466E9 /* test_can_firmware.mm in Sources */ = {isa = PBXBuildFile; fileRef = 44999ACB278CDEB400C466E9 /* test_can_firmware.mm */; };
		44999ADB278CDEB400C466E9 /* test_can_hardware.mm in Sources */ = {isa = PBXBuildFile; fileRef = 44999ACC278CDEB400C466E9 /* test_can_hardware.mm */; };
		44999ADC278CDEB400C466E9 /* test_can_exit.mm in Sources */ = {isa = PBXBuildFile; fileRef = 44999ACD278CDEB400C466E9 /* test_can_exit.mm */; };
		44999ADD278CDEB400C466E9 /* test_can_status.mm in Sources */ = {isa = PBXBuildFile; fileRef = 44999ACE278CDEB400C466E9 /* test_can_status.mm */; };
		44999ADE278CDEB400C466E9 /* test_can_kill.mm in Sources */ = {isa = PBXBuildFile; fileRef = 44999ACF278CDEB400C466E9 /* test_can_kill.mm */; };
		44999ADF278CDEB400C466E9 /* test_can_version.mm in Sources */ = {isa = PBXBuildFile; fileRef = 44999AD0278CDEB400C466E9 /* test_can_version.mm */; };
		44999AE0278CDEB400C466E9 /* test_can_test.mm in Sources */ = {isa = PBXBuildFile; fileRef = 44999AD1278CDEB400C466E9 /* test_can_test.mm */; };
		44999AE1278CDEB400C466E9 /* test_can_busload.mm in Sources */ = {isa = PBXBuildFile; fileRef = 44999AD2278CDEB400C466E9 /* test_can_busload.mm */; };
		44999AE2278CDEB400C466E9 /* test_can_init.mm in Sources */ = {isa = PBXBuildFile; fileRef = 44999AD3278CDEB400C466E9 /* test_can_init.mm */; };
		44999AE3278CDEB400C466E9 /* test_can_property.mm in Sources */ = {isa = PBXBuildFile; fileRef = 44999AD4278CDEB400C466E9 /* test_can_property.mm */; };
		44999AE4278CDEB400C466E9 /* test_can_bitrate.mm in Sources */ = {isa = PBXBuildFile; fileRef = 44999AD5278CDEB400C466E9 /* test_can_bitrate.mm */; };
		44999AE5278CDEB400C466E9 /* test_can_write.mm in Sources */ = {isa = PBXBuildFile; fileRef = 44999AD6278CDEB400C466E9 /* test_can_write.mm */; };
		44999AE6278CDEB400C466E9 /* test_can_read.mm in Sources */ = {isa = PBXBuildFile; fileRef = 44999AD7278CDEB400C466E9 /* test_can_read.mm */; };
		44999AE7278CDEB400C466E9 /* test_can_reset.mm in Sources */ = {isa = PBXBuildFile; fileRef = 44999AD8278CDEB400C466E9 /* test_can_reset.mm */; };
		44CC011F277BB95200EF9361 /* main.cpp in Sources */ = {isa = PBXBuildFile; fileRef = 44CC011E277BB91100EF9361 /* main.cpp */; };
/* End PBXBuildFile section */

/* Begin PBXCopyFilesBuildPhase section */
		0F1CB24824BCEC5B00171203 /* CopyFiles */ = {
			isa = PBXCopyFilesBuildPhase;
			buildActionMask = 2147483647;
			dstPath = /usr/share/man/man1/;
			dstSubfolderSpec = 0;
			files = (
			);
			runOnlyForDeploymentPostprocessing = 1;
		};
/* End PBXCopyFilesBuildPhase section */

/* Begin PBXFileReference section */
		0F1CB24A24BCEC5B00171203 /* KvaserCAN */ = {isa = PBXFileReference; explicitFileType = "compiled.mach-o.executable"; includeInIndex = 0; path = KvaserCAN; sourceTree = BUILT_PRODUCTS_DIR; };
		0F1CB25824BCF00800171203 /* build_no.h */ = {isa = PBXFileReference; fileEncoding = 4; lastKnownFileType = sourcecode.c.h; name = build_no.h; path = ../Sources/build_no.h; sourceTree = "<group>"; };
		0F84AA43268BA44F00DA70C3 /* can_defs.h */ = {isa = PBXFileReference; fileEncoding = 4; lastKnownFileType = sourcecode.c.h; name = can_defs.h; path = ../Sources/Wrapper/can_defs.h; sourceTree = "<group>"; };
		0F84AA44268BA44F00DA70C3 /* can_api.c */ = {isa = PBXFileReference; fileEncoding = 4; lastKnownFileType = sourcecode.c.c; name = can_api.c; path = ../Sources/Wrapper/can_api.c; sourceTree = "<group>"; };
		0F84AA47268BA48D00DA70C3 /* can_api.h */ = {isa = PBXFileReference; fileEncoding = 4; lastKnownFileType = sourcecode.c.h; name = can_api.h; path = ../Sources/CANAPI/can_api.h; sourceTree = "<group>"; };
		0F84AA49268BA48D00DA70C3 /* CANAPI.h */ = {isa = PBXFileReference; fileEncoding = 4; lastKnownFileType = sourcecode.c.h; name = CANAPI.h; path = ../Sources/CANAPI/CANAPI.h; sourceTree = "<group>"; };
		0F9FFFBC25D3BCDB00497D0A /* KvaserCAN_Defines.h */ = {isa = PBXFileReference; fileEncoding = 4; lastKnownFileType = sourcecode.c.h; name = KvaserCAN_Defines.h; path = ../Sources/KvaserCAN_Defines.h; sourceTree = "<group>"; };
		0FD97E1B25D1BB3C00C8A7C7 /* MacCAN_Devices.h */ = {isa = PBXFileReference; fileEncoding = 4; lastKnownFileType = sourcecode.c.h; name = MacCAN_Devices.h; path = ../Sources/MacCAN/MacCAN_Devices.h; sourceTree = "<group>"; };
		0FD97E1C25D1BB3C00C8A7C7 /* MacCAN_Common.h */ = {isa = PBXFileReference; fileEncoding = 4; lastKnownFileType = sourcecode.c.h; name = MacCAN_Common.h; path = ../Sources/MacCAN/MacCAN_Common.h; sourceTree = "<group>"; };
		0FD97E1D25D1BB3C00C8A7C7 /* MacCAN_Debug.h */ = {isa = PBXFileReference; fileEncoding = 4; lastKnownFileType = sourcecode.c.h; name = MacCAN_Debug.h; path = ../Sources/MacCAN/MacCAN_Debug.h; sourceTree = "<group>"; };
		0FD97E1E25D1BB3C00C8A7C7 /* MacCAN_IOUsbKit.h */ = {isa = PBXFileReference; fileEncoding = 4; lastKnownFileType = sourcecode.c.h; name = MacCAN_IOUsbKit.h; path = ../Sources/MacCAN/MacCAN_IOUsbKit.h; sourceTree = "<group>"; };
		0FD97E2025D1BB3C00C8A7C7 /* MacCAN_Debug.c */ = {isa = PBXFileReference; fileEncoding = 4; lastKnownFileType = sourcecode.c.c; name = MacCAN_Debug.c; path = ../Sources/MacCAN/MacCAN_Debug.c; sourceTree = "<group>"; };
		0FD97E2125D1BB3C00C8A7C7 /* MacCAN_Devices.c */ = {isa = PBXFileReference; fileEncoding = 4; lastKnownFileType = sourcecode.c.c; name = MacCAN_Devices.c; path = ../Sources/MacCAN/MacCAN_Devices.c; sourceTree = "<group>"; };
		0FD97E2325D1BB3C00C8A7C7 /* MacCAN_IOUsbKit.c */ = {isa = PBXFileReference; fileEncoding = 4; lastKnownFileType = sourcecode.c.c; name = MacCAN_IOUsbKit.c; path = ../Sources/MacCAN/MacCAN_IOUsbKit.c; sourceTree = "<group>"; };
		0FD97E2925D1BB7500C8A7C7 /* CANAPI_Defines.h */ = {isa = PBXFileReference; fileEncoding = 4; lastKnownFileType = sourcecode.c.h; name = CANAPI_Defines.h; path = ../Sources/CANAPI/CANAPI_Defines.h; sourceTree = "<group>"; };
		0FD97E2A25D1BB7500C8A7C7 /* CANAPI_Types.h */ = {isa = PBXFileReference; fileEncoding = 4; lastKnownFileType = sourcecode.c.h; name = CANAPI_Types.h; path = ../Sources/CANAPI/CANAPI_Types.h; sourceTree = "<group>"; };
		0FD97E2C25D1BB9E00C8A7C7 /* can_btr.h */ = {isa = PBXFileReference; fileEncoding = 4; lastKnownFileType = sourcecode.c.h; name = can_btr.h; path = ../Sources/CANAPI/can_btr.h; sourceTree = "<group>"; };
		0FD97E2D25D1BB9E00C8A7C7 /* can_btr.c */ = {isa = PBXFileReference; fileEncoding = 4; lastKnownFileType = sourcecode.c.c; name = can_btr.c; path = ../Sources/CANAPI/can_btr.c; sourceTree = "<group>"; };
		0FD97E3125D1C06400C8A7C7 /* KvaserUSB_Device.h */ = {isa = PBXFileReference; fileEncoding = 4; lastKnownFileType = sourcecode.c.h; name = KvaserUSB_Device.h; path = ../Sources/Driver/KvaserUSB_Device.h; sourceTree = "<group>"; };
		0FD97E3225D1C06400C8A7C7 /* KvaserUSB_Common.h */ = {isa = PBXFileReference; fileEncoding = 4; lastKnownFileType = sourcecode.c.h; name = KvaserUSB_Common.h; path = ../Sources/Driver/KvaserUSB_Common.h; sourceTree = "<group>"; };
		0FD97E3325D1C06400C8A7C7 /* KvaserUSB_Device.c */ = {isa = PBXFileReference; fileEncoding = 4; lastKnownFileType = sourcecode.c.c; name = KvaserUSB_Device.c; path = ../Sources/Driver/KvaserUSB_Device.c; sourceTree = "<group>"; };
		0FD97E3725D1EA1300C8A7C7 /* MacCAN_MsgPipe.h */ = {isa = PBXFileReference; fileEncoding = 4; lastKnownFileType = sourcecode.c.h; name = MacCAN_MsgPipe.h; path = ../Sources/MacCAN/MacCAN_MsgPipe.h; sourceTree = "<group>"; };
		0FD97E3825D1EA1300C8A7C7 /* MacCAN_MsgQueue.h */ = {isa = PBXFileReference; fileEncoding = 4; lastKnownFileType = sourcecode.c.h; name = MacCAN_MsgQueue.h; path = ../Sources/MacCAN/MacCAN_MsgQueue.h; sourceTree = "<group>"; };
		0FD97E3925D1EA1300C8A7C7 /* MacCAN_MsgQueue.c */ = {isa = PBXFileReference; fileEncoding = 4; lastKnownFileType = sourcecode.c.c; name = MacCAN_MsgQueue.c; path = ../Sources/MacCAN/MacCAN_MsgQueue.c; sourceTree = "<group>"; };
		0FD97E3A25D1EA1300C8A7C7 /* MacCAN_MsgPipe.c */ = {isa = PBXFileReference; fileEncoding = 4; lastKnownFileType = sourcecode.c.c; name = MacCAN_MsgPipe.c; path = ../Sources/MacCAN/MacCAN_MsgPipe.c; sourceTree = "<group>"; };
		0FDA0A7325D2F67700E50E4B /* LeafLight.c */ = {isa = PBXFileReference; fileEncoding = 4; lastKnownFileType = sourcecode.c.c; name = LeafLight.c; path = ../Sources/Driver/LeafLight.c; sourceTree = "<group>"; };
		0FDA0A7425D2F67700E50E4B /* LeafLight.h */ = {isa = PBXFileReference; fileEncoding = 4; lastKnownFileType = sourcecode.c.h; name = LeafLight.h; path = ../Sources/Driver/LeafLight.h; sourceTree = "<group>"; };
		0FDA0A7825D3200A00E50E4B /* KvaserCAN_Driver.c */ = {isa = PBXFileReference; fileEncoding = 4; lastKnownFileType = sourcecode.c.c; name = KvaserCAN_Driver.c; path = ../Sources/Driver/KvaserCAN_Driver.c; sourceTree = "<group>"; };
		0FDA0A7925D3200A00E50E4B /* KvaserCAN_Driver.h */ = {isa = PBXFileReference; fileEncoding = 4; lastKnownFileType = sourcecode.c.h; name = KvaserCAN_Driver.h; path = ../Sources/Driver/KvaserCAN_Driver.h; sourceTree = "<group>"; };
		0FDA0A7D25D33EF700E50E4B /* KvaserCAN.cpp */ = {isa = PBXFileReference; fileEncoding = 4; lastKnownFileType = sourcecode.cpp.cpp; name = KvaserCAN.cpp; path = ../Sources/KvaserCAN.cpp; sourceTree = "<group>"; };
		0FDA0A7E25D33EF700E50E4B /* KvaserCAN.h */ = {isa = PBXFileReference; fileEncoding = 4; lastKnownFileType = sourcecode.c.h; name = KvaserCAN.h; path = ../Sources/KvaserCAN.h; sourceTree = "<group>"; };
		0FEABC0F25E8340400DD9ADB /* LeafPro.c */ = {isa = PBXFileReference; fileEncoding = 4; lastKnownFileType = sourcecode.c.c; name = LeafPro.c; path = ../Sources/Driver/LeafPro.c; sourceTree = "<group>"; };
		0FEABC1025E8340400DD9ADB /* LeafPro.h */ = {isa = PBXFileReference; fileEncoding = 4; lastKnownFileType = sourcecode.c.h; name = LeafPro.h; path = ../Sources/Driver/LeafPro.h; sourceTree = "<group>"; };
		44999AAC278CDD1200C466E9 /* Testing.xctest */ = {isa = PBXFileReference; explicitFileType = wrapper.cfbundle; includeInIndex = 0; path = Testing.xctest; sourceTree = BUILT_PRODUCTS_DIR; };
		44999AB4278CDDFF00C466E9 /* Settings.h */ = {isa = PBXFileReference; fileEncoding = 4; lastKnownFileType = sourcecode.c.h; name = Settings.h; path = ../Tests/UnitTests/Settings.h; sourceTree = "<group>"; };
		44999AB5278CDDFF00C466E9 /* Timer.cpp */ = {isa = PBXFileReference; fileEncoding = 4; lastKnownFileType = sourcecode.cpp.cpp; name = Timer.cpp; path = ../Tests/UnitTests/Timer.cpp; sourceTree = "<group>"; };
		44999AB6278CDDFF00C466E9 /* Tester.cpp */ = {isa = PBXFileReference; fileEncoding = 4; lastKnownFileType = sourcecode.cpp.cpp; name = Tester.cpp; path = ../Tests/UnitTests/Tester.cpp; sourceTree = "<group>"; };
		44999AB7278CDDFF00C466E9 /* Timer.h */ = {isa = PBXFileReference; fileEncoding = 4; lastKnownFileType = sourcecode.c.h; name = Timer.h; path = ../Tests/UnitTests/Timer.h; sourceTree = "<group>"; };
		44999AB8278CDDFF00C466E9 /* Tester.h */ = {isa = PBXFileReference; fileEncoding = 4; lastKnownFileType = sourcecode.c.h; name = Tester.h; path = ../Tests/UnitTests/Tester.h; sourceTree = "<group>"; };
		44999AB9278CDDFF00C466E9 /* Driver.h */ = {isa = PBXFileReference; fileEncoding = 4; lastKnownFileType = sourcecode.c.h; name = Driver.h; path = ../Tests/UnitTests/Driver.h; sourceTree = "<group>"; };
		44999ABA278CDDFF00C466E9 /* Testing.mm */ = {isa = PBXFileReference; fileEncoding = 4; lastKnownFileType = sourcecode.cpp.objcpp; name = Testing.mm; path = ../Tests/UnitTests/Testing.mm; sourceTree = "<group>"; };
		44999ACA278CDEB400C466E9 /* test_can_start.mm */ = {isa = PBXFileReference; fileEncoding = 4; lastKnownFileType = sourcecode.cpp.objcpp; name = test_can_start.mm; path = ../Tests/UnitTests/test_can_start.mm; sourceTree = "<group>"; };
		44999ACB278CDEB400C466E9 /* test_can_firmware.mm */ = {isa = PBXFileReference; fileEncoding = 4; lastKnownFileType = sourcecode.cpp.objcpp; name = test_can_firmware.mm; path = ../Tests/UnitTests/test_can_firmware.mm; sourceTree = "<group>"; };
		44999ACC278CDEB400C466E9 /* test_can_hardware.mm */ = {isa = PBXFileReference; fileEncoding = 4; lastKnownFileType = sourcecode.cpp.objcpp; name = test_can_hardware.mm; path = ../Tests/UnitTests/test_can_hardware.mm; sourceTree = "<group>"; };
		44999ACD278CDEB400C466E9 /* test_can_exit.mm */ = {isa = PBXFileReference; fileEncoding = 4; lastKnownFileType = sourcecode.cpp.objcpp; name = test_can_exit.mm; path = ../Tests/UnitTests/test_can_exit.mm; sourceTree = "<group>"; };
		44999ACE278CDEB400C466E9 /* test_can_status.mm */ = {isa = PBXFileReference; fileEncoding = 4; lastKnownFileType = sourcecode.cpp.objcpp; name = test_can_status.mm; path = ../Tests/UnitTests/test_can_status.mm; sourceTree = "<group>"; };
		44999ACF278CDEB400C466E9 /* test_can_kill.mm */ = {isa = PBXFileReference; fileEncoding = 4; lastKnownFileType = sourcecode.cpp.objcpp; name = test_can_kill.mm; path = ../Tests/UnitTests/test_can_kill.mm; sourceTree = "<group>"; };
		44999AD0278CDEB400C466E9 /* test_can_version.mm */ = {isa = PBXFileReference; fileEncoding = 4; lastKnownFileType = sourcecode.cpp.objcpp; name = test_can_version.mm; path = ../Tests/UnitTests/test_can_version.mm; sourceTree = "<group>"; };
		44999AD1278CDEB400C466E9 /* test_can_test.mm */ = {isa = PBXFileReference; fileEncoding = 4; lastKnownFileType = sourcecode.cpp.objcpp; name = test_can_test.mm; path = ../Tests/UnitTests/test_can_test.mm; sourceTree = "<group>"; };
		44999AD2278CDEB400C466E9 /* test_can_busload.mm */ = {isa = PBXFileReference; fileEncoding = 4; lastKnownFileType = sourcecode.cpp.objcpp; name = test_can_busload.mm; path = ../Tests/UnitTests/test_can_busload.mm; sourceTree = "<group>"; };
		44999AD3278CDEB400C466E9 /* test_can_init.mm */ = {isa = PBXFileReference; fileEncoding = 4; lastKnownFileType = sourcecode.cpp.objcpp; name = test_can_init.mm; path = ../Tests/UnitTests/test_can_init.mm; sourceTree = "<group>"; };
		44999AD4278CDEB400C466E9 /* test_can_property.mm */ = {isa = PBXFileReference; fileEncoding = 4; lastKnownFileType = sourcecode.cpp.objcpp; name = test_can_property.mm; path = ../Tests/UnitTests/test_can_property.mm; sourceTree = "<group>"; };
		44999AD5278CDEB400C466E9 /* test_can_bitrate.mm */ = {isa = PBXFileReference; fileEncoding = 4; lastKnownFileType = sourcecode.cpp.objcpp; name = test_can_bitrate.mm; path = ../Tests/UnitTests/test_can_bitrate.mm; sourceTree = "<group>"; };
		44999AD6278CDEB400C466E9 /* test_can_write.mm */ = {isa = PBXFileReference; fileEncoding = 4; lastKnownFileType = sourcecode.cpp.objcpp; name = test_can_write.mm; path = ../Tests/UnitTests/test_can_write.mm; sourceTree = "<group>"; };
		44999AD7278CDEB400C466E9 /* test_can_read.mm */ = {isa = PBXFileReference; fileEncoding = 4; lastKnownFileType = sourcecode.cpp.objcpp; name = test_can_read.mm; path = ../Tests/UnitTests/test_can_read.mm; sourceTree = "<group>"; };
		44999AD8278CDEB400C466E9 /* test_can_reset.mm */ = {isa = PBXFileReference; fileEncoding = 4; lastKnownFileType = sourcecode.cpp.objcpp; name = test_can_reset.mm; path = ../Tests/UnitTests/test_can_reset.mm; sourceTree = "<group>"; };
		44CC011E277BB91100EF9361 /* main.cpp */ = {isa = PBXFileReference; lastKnownFileType = sourcecode.cpp.cpp; name = main.cpp; path = Sources/main.cpp; sourceTree = "<group>"; };
/* End PBXFileReference section */

/* Begin PBXFrameworksBuildPhase section */
		0F1CB24724BCEC5B00171203 /* Frameworks */ = {
			isa = PBXFrameworksBuildPhase;
			buildActionMask = 2147483647;
			files = (
			);
			runOnlyForDeploymentPostprocessing = 0;
		};
		44999AA9278CDD1200C466E9 /* Frameworks */ = {
			isa = PBXFrameworksBuildPhase;
			buildActionMask = 2147483647;
			files = (
			);
			runOnlyForDeploymentPostprocessing = 0;
		};
/* End PBXFrameworksBuildPhase section */

/* Begin PBXGroup section */
		0F1CB24124BCEC5B00171203 = {
			isa = PBXGroup;
			children = (
				0F1CB25424BCEF0300171203 /* Sources */,
				44999AB3278CDDA300C466E9 /* Testing */,
				0F1CB24B24BCEC5B00171203 /* Products */,
			);
			sourceTree = "<group>";
		};
		0F1CB24B24BCEC5B00171203 /* Products */ = {
			isa = PBXGroup;
			children = (
				0F1CB24A24BCEC5B00171203 /* KvaserCAN */,
				44999AAC278CDD1200C466E9 /* Testing.xctest */,
			);
			name = Products;
			sourceTree = "<group>";
		};
		0F1CB25424BCEF0300171203 /* Sources */ = {
			isa = PBXGroup;
			children = (
				0F84AA43268BA44F00DA70C3 /* can_defs.h */,
				0F84AA44268BA44F00DA70C3 /* can_api.c */,
				0F84AA47268BA48D00DA70C3 /* can_api.h */,
				0FD97E2D25D1BB9E00C8A7C7 /* can_btr.c */,
				0FD97E2C25D1BB9E00C8A7C7 /* can_btr.h */,
				0F84AA49268BA48D00DA70C3 /* CANAPI.h */,
				0FD97E2925D1BB7500C8A7C7 /* CANAPI_Defines.h */,
				0FD97E2A25D1BB7500C8A7C7 /* CANAPI_Types.h */,
				0FD97E1C25D1BB3C00C8A7C7 /* MacCAN_Common.h */,
				0FD97E2025D1BB3C00C8A7C7 /* MacCAN_Debug.c */,
				0FD97E1D25D1BB3C00C8A7C7 /* MacCAN_Debug.h */,
				0FD97E2125D1BB3C00C8A7C7 /* MacCAN_Devices.c */,
				0FD97E1B25D1BB3C00C8A7C7 /* MacCAN_Devices.h */,
				0FD97E2325D1BB3C00C8A7C7 /* MacCAN_IOUsbKit.c */,
				0FD97E1E25D1BB3C00C8A7C7 /* MacCAN_IOUsbKit.h */,
				0FD97E3A25D1EA1300C8A7C7 /* MacCAN_MsgPipe.c */,
				0FD97E3725D1EA1300C8A7C7 /* MacCAN_MsgPipe.h */,
				0FD97E3925D1EA1300C8A7C7 /* MacCAN_MsgQueue.c */,
				0FD97E3825D1EA1300C8A7C7 /* MacCAN_MsgQueue.h */,
				0FD97E3225D1C06400C8A7C7 /* KvaserUSB_Common.h */,
				0FD97E3325D1C06400C8A7C7 /* KvaserUSB_Device.c */,
				0FD97E3125D1C06400C8A7C7 /* KvaserUSB_Device.h */,
				0FDA0A7325D2F67700E50E4B /* LeafLight.c */,
				0FDA0A7425D2F67700E50E4B /* LeafLight.h */,
				0FEABC0F25E8340400DD9ADB /* LeafPro.c */,
				0FEABC1025E8340400DD9ADB /* LeafPro.h */,
				0FDA0A7825D3200A00E50E4B /* KvaserCAN_Driver.c */,
				0FDA0A7925D3200A00E50E4B /* KvaserCAN_Driver.h */,
				0F9FFFBC25D3BCDB00497D0A /* KvaserCAN_Defines.h */,
				0FDA0A7D25D33EF700E50E4B /* KvaserCAN.cpp */,
				0FDA0A7E25D33EF700E50E4B /* KvaserCAN.h */,
				44CC011E277BB91100EF9361 /* main.cpp */,
				0F1CB25824BCF00800171203 /* build_no.h */,
			);
			name = Sources;
			sourceTree = "<group>";
		};
		44999AB3278CDDA300C466E9 /* Testing */ = {
			isa = PBXGroup;
			children = (
				44999AB9278CDDFF00C466E9 /* Driver.h */,
				44999AB4278CDDFF00C466E9 /* Settings.h */,
				44999AD5278CDEB400C466E9 /* test_can_bitrate.mm */,
				44999AD2278CDEB400C466E9 /* test_can_busload.mm */,
				44999ACD278CDEB400C466E9 /* test_can_exit.mm */,
				44999ACB278CDEB400C466E9 /* test_can_firmware.mm */,
				44999ACC278CDEB400C466E9 /* test_can_hardware.mm */,
				44999AD3278CDEB400C466E9 /* test_can_init.mm */,
				44999ACF278CDEB400C466E9 /* test_can_kill.mm */,
				44999AD4278CDEB400C466E9 /* test_can_property.mm */,
				44999AD7278CDEB400C466E9 /* test_can_read.mm */,
				44999AD8278CDEB400C466E9 /* test_can_reset.mm */,
				44999ACA278CDEB400C466E9 /* test_can_start.mm */,
				44999ACE278CDEB400C466E9 /* test_can_status.mm */,
				44999AD1278CDEB400C466E9 /* test_can_test.mm */,
				44999AD0278CDEB400C466E9 /* test_can_version.mm */,
				44999AD6278CDEB400C466E9 /* test_can_write.mm */,
				44999ABA278CDDFF00C466E9 /* Testing.mm */,
				44999AB6278CDDFF00C466E9 /* Tester.cpp */,
				44999AB8278CDDFF00C466E9 /* Tester.h */,
				44999AB5278CDDFF00C466E9 /* Timer.cpp */,
				44999AB7278CDDFF00C466E9 /* Timer.h */,
			);
			name = Testing;
			sourceTree = "<group>";
		};
/* End PBXGroup section */

/* Begin PBXNativeTarget section */
		0F1CB24924BCEC5B00171203 /* KvaserCAN */ = {
			isa = PBXNativeTarget;
			buildConfigurationList = 0F1CB25124BCEC5B00171203 /* Build configuration list for PBXNativeTarget "KvaserCAN" */;
			buildPhases = (
				0F1CB24624BCEC5B00171203 /* Sources */,
				0F1CB24724BCEC5B00171203 /* Frameworks */,
				0F1CB24824BCEC5B00171203 /* CopyFiles */,
			);
			buildRules = (
			);
			dependencies = (
			);
			name = KvaserCAN;
			productName = KvaserCAN;
			productReference = 0F1CB24A24BCEC5B00171203 /* KvaserCAN */;
			productType = "com.apple.product-type.tool";
		};
		44999AAB278CDD1200C466E9 /* Testing */ = {
			isa = PBXNativeTarget;
			buildConfigurationList = 44999AB2278CDD1200C466E9 /* Build configuration list for PBXNativeTarget "Testing" */;
			buildPhases = (
				44999AA8278CDD1200C466E9 /* Sources */,
				44999AA9278CDD1200C466E9 /* Frameworks */,
				44999AAA278CDD1200C466E9 /* Resources */,
			);
			buildRules = (
			);
			dependencies = (
			);
			name = Testing;
			productName = Testing;
			productReference = 44999AAC278CDD1200C466E9 /* Testing.xctest */;
			productType = "com.apple.product-type.bundle.unit-test";
		};
/* End PBXNativeTarget section */

/* Begin PBXProject section */
		0F1CB24224BCEC5B00171203 /* Project object */ = {
			isa = PBXProject;
			attributes = {
				LastUpgradeCheck = 1240;
				ORGANIZATIONNAME = "UV Software, Berlin";
				TargetAttributes = {
					0F1CB24924BCEC5B00171203 = {
						CreatedOnToolsVersion = 11.5;
					};
					44999AAB278CDD1200C466E9 = {
						CreatedOnToolsVersion = 13.2.1;
					};
				};
			};
			buildConfigurationList = 0F1CB24524BCEC5B00171203 /* Build configuration list for PBXProject "KvaserCAN" */;
			compatibilityVersion = "Xcode 9.3";
			developmentRegion = en;
			hasScannedForEncodings = 0;
			knownRegions = (
				en,
				Base,
			);
			mainGroup = 0F1CB24124BCEC5B00171203;
			productRefGroup = 0F1CB24B24BCEC5B00171203 /* Products */;
			projectDirPath = "";
			projectRoot = "";
			targets = (
				0F1CB24924BCEC5B00171203 /* KvaserCAN */,
				44999AAB278CDD1200C466E9 /* Testing */,
			);
		};
/* End PBXProject section */

/* Begin PBXResourcesBuildPhase section */
		44999AAA278CDD1200C466E9 /* Resources */ = {
			isa = PBXResourcesBuildPhase;
			buildActionMask = 2147483647;
			files = (
			);
			runOnlyForDeploymentPostprocessing = 0;
		};
/* End PBXResourcesBuildPhase section */

/* Begin PBXSourcesBuildPhase section */
		0F1CB24624BCEC5B00171203 /* Sources */ = {
			isa = PBXSourcesBuildPhase;
			buildActionMask = 2147483647;
			files = (
				0FD97E3B25D1EA1300C8A7C7 /* MacCAN_MsgQueue.c in Sources */,
				0FDA0A7A25D3200A00E50E4B /* KvaserCAN_Driver.c in Sources */,
				0FD97E2425D1BB3C00C8A7C7 /* MacCAN_Debug.c in Sources */,
				0FD97E2E25D1BB9E00C8A7C7 /* can_btr.c in Sources */,
				0FDA0A7F25D33EF700E50E4B /* KvaserCAN.cpp in Sources */,
				0FD97E3C25D1EA1300C8A7C7 /* MacCAN_MsgPipe.c in Sources */,
				0FD97E2525D1BB3C00C8A7C7 /* MacCAN_Devices.c in Sources */,
				0FD97E2725D1BB3C00C8A7C7 /* MacCAN_IOUsbKit.c in Sources */,
				0F84AA45268BA44F00DA70C3 /* can_api.c in Sources */,
				0FD97E3425D1C06400C8A7C7 /* KvaserUSB_Device.c in Sources */,
				44CC011F277BB95200EF9361 /* main.cpp in Sources */,
				0FDA0A7525D2F67700E50E4B /* LeafLight.c in Sources */,
				0FEABC1125E8340400DD9ADB /* LeafPro.c in Sources */,
			);
			runOnlyForDeploymentPostprocessing = 0;
		};
		44999AA8278CDD1200C466E9 /* Sources */ = {
			isa = PBXSourcesBuildPhase;
			buildActionMask = 2147483647;
			files = (
				44999AC1278CDE1700C466E9 /* MacCAN_Devices.c in Sources */,
				44999ABD278CDDFF00C466E9 /* Testing.mm in Sources */,
				44999ADB278CDEB400C466E9 /* test_can_hardware.mm in Sources */,
				44999AC4278CDE2500C466E9 /* MacCAN_MsgQueue.c in Sources */,
				44999ABE278CDE0B00C466E9 /* can_api.c in Sources */,
				44999AE1278CDEB400C466E9 /* test_can_busload.mm in Sources */,
				44999AE0278CDEB400C466E9 /* test_can_test.mm in Sources */,
				44999ADE278CDEB400C466E9 /* test_can_kill.mm in Sources */,
				44999AC6278CDE2F00C466E9 /* LeafLight.c in Sources */,
				44999ADD278CDEB400C466E9 /* test_can_status.mm in Sources */,
				44999AC3278CDE2100C466E9 /* MacCAN_MsgPipe.c in Sources */,
				44999AC5278CDE2900C466E9 /* KvaserUSB_Device.c in Sources */,
				44999AD9278CDEB400C466E9 /* test_can_start.mm in Sources */,
				44999AE3278CDEB400C466E9 /* test_can_property.mm in Sources */,
				44999AC0278CDE1300C466E9 /* MacCAN_Debug.c in Sources */,
				44999AC8278CDE3900C466E9 /* KvaserCAN_Driver.c in Sources */,
				44999ADF278CDEB400C466E9 /* test_can_version.mm in Sources */,
				44999ABC278CDDFF00C466E9 /* Tester.cpp in Sources */,
				44999AC9278CDE3E00C466E9 /* KvaserCAN.cpp in Sources */,
				44999AE2278CDEB400C466E9 /* test_can_init.mm in Sources */,
				44999AE7278CDEB400C466E9 /* test_can_reset.mm in Sources */,
				44999AE5278CDEB400C466E9 /* test_can_write.mm in Sources */,
				44999ABF278CDE0E00C466E9 /* can_btr.c in Sources */,
				44999AE6278CDEB400C466E9 /* test_can_read.mm in Sources */,
				44999ADA278CDEB400C466E9 /* test_can_firmware.mm in Sources */,
				44999AC2278CDE1D00C466E9 /* MacCAN_IOUsbKit.c in Sources */,
				44999ADC278CDEB400C466E9 /* test_can_exit.mm in Sources */,
				44999ABB278CDDFF00C466E9 /* Timer.cpp in Sources */,
				44999AE4278CDEB400C466E9 /* test_can_bitrate.mm in Sources */,
				44999AC7278CDE3300C466E9 /* LeafPro.c in Sources */,
			);
			runOnlyForDeploymentPostprocessing = 0;
		};
/* End PBXSourcesBuildPhase section */

/* Begin XCBuildConfiguration section */
		0F1CB24F24BCEC5B00171203 /* Debug */ = {
			isa = XCBuildConfiguration;
			buildSettings = {
				ALWAYS_SEARCH_USER_PATHS = NO;
				CLANG_ANALYZER_NONNULL = YES;
				CLANG_ANALYZER_NUMBER_OBJECT_CONVERSION = YES_AGGRESSIVE;
				CLANG_CXX_LANGUAGE_STANDARD = "gnu++14";
				CLANG_CXX_LIBRARY = "libc++";
				CLANG_ENABLE_MODULES = YES;
				CLANG_ENABLE_OBJC_ARC = YES;
				CLANG_ENABLE_OBJC_WEAK = YES;
				CLANG_WARN_BLOCK_CAPTURE_AUTORELEASING = YES;
				CLANG_WARN_BOOL_CONVERSION = YES;
				CLANG_WARN_COMMA = YES;
				CLANG_WARN_CONSTANT_CONVERSION = YES;
				CLANG_WARN_DEPRECATED_OBJC_IMPLEMENTATIONS = YES;
				CLANG_WARN_DIRECT_OBJC_ISA_USAGE = YES_ERROR;
				CLANG_WARN_DOCUMENTATION_COMMENTS = YES;
				CLANG_WARN_EMPTY_BODY = YES;
				CLANG_WARN_ENUM_CONVERSION = YES;
				CLANG_WARN_INFINITE_RECURSION = YES;
				CLANG_WARN_INT_CONVERSION = YES;
				CLANG_WARN_NON_LITERAL_NULL_CONVERSION = YES;
				CLANG_WARN_OBJC_IMPLICIT_RETAIN_SELF = YES;
				CLANG_WARN_OBJC_LITERAL_CONVERSION = YES;
				CLANG_WARN_OBJC_ROOT_CLASS = YES_ERROR;
				CLANG_WARN_QUOTED_INCLUDE_IN_FRAMEWORK_HEADER = YES;
				CLANG_WARN_RANGE_LOOP_ANALYSIS = YES;
				CLANG_WARN_STRICT_PROTOTYPES = YES;
				CLANG_WARN_SUSPICIOUS_MOVE = YES;
				CLANG_WARN_UNGUARDED_AVAILABILITY = YES_AGGRESSIVE;
				CLANG_WARN_UNREACHABLE_CODE = YES;
				CLANG_WARN__DUPLICATE_METHOD_MATCH = YES;
				COPY_PHASE_STRIP = NO;
				DEBUG_INFORMATION_FORMAT = dwarf;
				ENABLE_STRICT_OBJC_MSGSEND = YES;
				ENABLE_TESTABILITY = YES;
				GCC_C_LANGUAGE_STANDARD = gnu11;
				GCC_DYNAMIC_NO_PIC = NO;
				GCC_NO_COMMON_BLOCKS = YES;
				GCC_OPTIMIZATION_LEVEL = 0;
				GCC_PREPROCESSOR_DEFINITIONS = (
					"DEBUG=1",
					"$(inherited)",
					"OPTION_CAN_2_0_ONLY=0",
					"OPTION_CANAPI_DRIVER=1",
					"OPTION_CANAPI_RETVALS=0",
					"OPTION_CANAPI_COMPANIONS=1",
					"OPTION_MACCAN_LOGGER=1",
					"OPTION_MACCAN_DEBUG_LEVEL=4",
					"OPTION_MACCAN_INSTRUMENTATION=0",
				);
				GCC_WARN_64_TO_32_BIT_CONVERSION = YES;
				GCC_WARN_ABOUT_RETURN_TYPE = YES_ERROR;
				GCC_WARN_UNDECLARED_SELECTOR = YES;
				GCC_WARN_UNINITIALIZED_AUTOS = YES_AGGRESSIVE;
				GCC_WARN_UNUSED_FUNCTION = YES;
				GCC_WARN_UNUSED_VARIABLE = YES;
				MACOSX_DEPLOYMENT_TARGET = 11.0;
				MTL_ENABLE_DEBUG_INFO = INCLUDE_SOURCE;
				MTL_FAST_MATH = YES;
				ONLY_ACTIVE_ARCH = YES;
				SDKROOT = macosx;
				USER_HEADER_SEARCH_PATHS = (
					../Sources,
					../Sources/CANAPI,
					../Sources/MacCAN,
					../Sources/Driver,
					../Sources/Wrapper,
				);
			};
			name = Debug;
		};
		0F1CB25024BCEC5B00171203 /* Release */ = {
			isa = XCBuildConfiguration;
			buildSettings = {
				ALWAYS_SEARCH_USER_PATHS = NO;
				CLANG_ANALYZER_NONNULL = YES;
				CLANG_ANALYZER_NUMBER_OBJECT_CONVERSION = YES_AGGRESSIVE;
				CLANG_CXX_LANGUAGE_STANDARD = "gnu++14";
				CLANG_CXX_LIBRARY = "libc++";
				CLANG_ENABLE_MODULES = YES;
				CLANG_ENABLE_OBJC_ARC = YES;
				CLANG_ENABLE_OBJC_WEAK = YES;
				CLANG_WARN_BLOCK_CAPTURE_AUTORELEASING = YES;
				CLANG_WARN_BOOL_CONVERSION = YES;
				CLANG_WARN_COMMA = YES;
				CLANG_WARN_CONSTANT_CONVERSION = YES;
				CLANG_WARN_DEPRECATED_OBJC_IMPLEMENTATIONS = YES;
				CLANG_WARN_DIRECT_OBJC_ISA_USAGE = YES_ERROR;
				CLANG_WARN_DOCUMENTATION_COMMENTS = YES;
				CLANG_WARN_EMPTY_BODY = YES;
				CLANG_WARN_ENUM_CONVERSION = YES;
				CLANG_WARN_INFINITE_RECURSION = YES;
				CLANG_WARN_INT_CONVERSION = YES;
				CLANG_WARN_NON_LITERAL_NULL_CONVERSION = YES;
				CLANG_WARN_OBJC_IMPLICIT_RETAIN_SELF = YES;
				CLANG_WARN_OBJC_LITERAL_CONVERSION = YES;
				CLANG_WARN_OBJC_ROOT_CLASS = YES_ERROR;
				CLANG_WARN_QUOTED_INCLUDE_IN_FRAMEWORK_HEADER = YES;
				CLANG_WARN_RANGE_LOOP_ANALYSIS = YES;
				CLANG_WARN_STRICT_PROTOTYPES = YES;
				CLANG_WARN_SUSPICIOUS_MOVE = YES;
				CLANG_WARN_UNGUARDED_AVAILABILITY = YES_AGGRESSIVE;
				CLANG_WARN_UNREACHABLE_CODE = YES;
				CLANG_WARN__DUPLICATE_METHOD_MATCH = YES;
				COPY_PHASE_STRIP = NO;
				DEBUG_INFORMATION_FORMAT = "dwarf-with-dsym";
				ENABLE_NS_ASSERTIONS = NO;
				ENABLE_STRICT_OBJC_MSGSEND = YES;
				GCC_C_LANGUAGE_STANDARD = gnu11;
				GCC_NO_COMMON_BLOCKS = YES;
				GCC_PREPROCESSOR_DEFINITIONS = (
					"OPTION_CAN_2_0_ONLY=0",
					"OPTION_CANAPI_DRIVER=1",
					"OPTION_CANAPI_RETVALS=0",
					"OPTION_CANAPI_COMPANIONS=1",
					"OPTION_MACCAN_LOGGER=0",
					"OPTION_MACCAN_DEBUG_LEVEL=0",
					"OPTION_MACCAN_INSTRUMENTATION=0",
				);
				GCC_WARN_64_TO_32_BIT_CONVERSION = YES;
				GCC_WARN_ABOUT_RETURN_TYPE = YES_ERROR;
				GCC_WARN_UNDECLARED_SELECTOR = YES;
				GCC_WARN_UNINITIALIZED_AUTOS = YES_AGGRESSIVE;
				GCC_WARN_UNUSED_FUNCTION = YES;
				GCC_WARN_UNUSED_VARIABLE = YES;
				MACOSX_DEPLOYMENT_TARGET = 11.0;
				MTL_ENABLE_DEBUG_INFO = NO;
				MTL_FAST_MATH = YES;
				SDKROOT = macosx;
				USER_HEADER_SEARCH_PATHS = (
					../Sources,
					../Sources/CANAPI,
					../Sources/MacCAN,
					../Sources/Driver,
					../Sources/Wrapper,
				);
			};
			name = Release;
		};
		0F1CB25224BCEC5B00171203 /* Debug */ = {
			isa = XCBuildConfiguration;
			buildSettings = {
				CODE_SIGN_IDENTITY = "-";
				CODE_SIGN_STYLE = Automatic;
				PRODUCT_NAME = "$(TARGET_NAME)";
			};
			name = Debug;
		};
		0F1CB25324BCEC5B00171203 /* Release */ = {
			isa = XCBuildConfiguration;
			buildSettings = {
				CODE_SIGN_IDENTITY = "-";
				CODE_SIGN_STYLE = Automatic;
				PRODUCT_NAME = "$(TARGET_NAME)";
			};
			name = Release;
		};
		44999AB0278CDD1200C466E9 /* Debug */ = {
			isa = XCBuildConfiguration;
			buildSettings = {
				CLANG_CXX_LANGUAGE_STANDARD = "gnu++17";
				CODE_SIGN_STYLE = Automatic;
				CURRENT_PROJECT_VERSION = 1;
				GCC_PREPROCESSOR_DEFINITIONS = (
					"DEBUG=1",
					"$(inherited)",
				);
				GENERATE_INFOPLIST_FILE = YES;
				MACOSX_DEPLOYMENT_TARGET = 11.0;
				MARKETING_VERSION = 1.0;
				PRODUCT_BUNDLE_IDENTIFIER = "uv-software.Testing";
				PRODUCT_NAME = "$(TARGET_NAME)";
				SWIFT_EMIT_LOC_STRINGS = NO;
			};
			name = Debug;
		};
		44999AB1278CDD1200C466E9 /* Release */ = {
			isa = XCBuildConfiguration;
			buildSettings = {
				CLANG_CXX_LANGUAGE_STANDARD = "gnu++17";
				CODE_SIGN_STYLE = Automatic;
				CURRENT_PROJECT_VERSION = 1;
				GENERATE_INFOPLIST_FILE = YES;
				MACOSX_DEPLOYMENT_TARGET = 11.0;
				MARKETING_VERSION = 1.0;
				PRODUCT_BUNDLE_IDENTIFIER = "uv-software.Testing";
				PRODUCT_NAME = "$(TARGET_NAME)";
				SWIFT_EMIT_LOC_STRINGS = NO;
			};
			name = Release;
		};
/* End XCBuildConfiguration section */

/* Begin XCConfigurationList section */
		0F1CB24524BCEC5B00171203 /* Build configuration list for PBXProject "KvaserCAN" */ = {
			isa = XCConfigurationList;
			buildConfigurations = (
				0F1CB24F24BCEC5B00171203 /* Debug */,
				0F1CB25024BCEC5B00171203 /* Release */,
			);
			defaultConfigurationIsVisible = 0;
			defaultConfigurationName = Release;
		};
		0F1CB25124BCEC5B00171203 /* Build configuration list for PBXNativeTarget "KvaserCAN" */ = {
			isa = XCConfigurationList;
			buildConfigurations = (
				0F1CB25224BCEC5B00171203 /* Debug */,
				0F1CB25324BCEC5B00171203 /* Release */,
			);
			defaultConfigurationIsVisible = 0;
			defaultConfigurationName = Release;
		};
		44999AB2278CDD1200C466E9 /* Build configuration list for PBXNativeTarget "Testing" */ = {
			isa = XCConfigurationList;
			buildConfigurations = (
				44999AB0278CDD1200C466E9 /* Debug */,
				44999AB1278CDD1200C466E9 /* Release */,
			);
			defaultConfigurationIsVisible = 0;
			defaultConfigurationName = Release;
		};
/* End XCConfigurationList section */
	};
	rootObject = 0F1CB24224BCEC5B00171203 /* Project object */;
}
